core:changelogs:
  - content: "---\npackages:\n  npm:@minpeter/pss-coding-agent:\n    type: patch\n---\n\n## Add hashline edit diffs to the coding-agent TUI\n\nThe coding agent now renders anchored `edit_file` results as sorted,\nsenpi-style word diffs with faint changed regions, stronger intra-token\nhighlights, and dim context rows for unchanged lines.\n\nThe TUI modules are organized by code flow under `src/tui/`, and read/diff\nrendering now displays terminal control characters as safe visible\nplaceholders instead of forwarding them to the terminal.\n"
    filename: 2026-07-23-coding-agent-tui-hashline-diff.md
    v: 0.0.0
core:packages:
  - changelogIds:
      - 2026-07-23-coding-agent-tui-hashline-diff.md
    id: npm:@minpeter/pss-coding-agent
    updated: true
  - id: npm:@minpeter/pss-benchmark-nextjs
    updated: false
  - id: npm:@minpeter/pss-bench-shared
    updated: false
  - id: npm:@minpeter/pss-runtime
    updated: false
npm:packages:
  - distTag: next
    id: npm:@minpeter/pss-coding-agent
  - id: npm:@minpeter/pss-benchmark-nextjs
  - id: npm:@minpeter/pss-bench-shared
  - distTag: next
    id: npm:@minpeter/pss-runtime
  - id: npm:@minpeter/pss-worker-agent
  - id: npm:@minpeter/pss-example-background-subagent
  - id: npm:@minpeter/pss-example-basic
  - id: npm:@minpeter/pss-example-evals
  - id: npm:@minpeter/pss-example-local-file-agent
  - id: npm:@minpeter/pss-example-plugin
  - id: npm:@minpeter/pss-runtime-edge-image-qa
  - id: npm:@minpeter/pss-example-sync-subagent
